{
  "version": 4,
  "terraform_version": "0.12.28",
  "serial": 7,
  "lineage": "96e3eb7c-bb1a-eb8e-df36-b7d0462fc98c",
  "outputs": {},
  "resources": [
    {
      "mode": "managed",
      "type": "azurerm_resource_group",
      "name": "resource_gp",
      "provider": "provider.azurerm",
      "instances": [
        {
          "schema_version": 0,
          "attributes": {
            "id": "/subscriptions/9f4fd81c-f295-4bdc-87a3-990f148c9fc5/resourceGroups/Arvind-TF-RG",
            "location": "eastus",
            "name": "Arvind-TF-RG",
            "tags": {
              "Owner": "Arvind Kumar TF"
            },
            "timeouts": null
          },
          "private": "eyJlMmJmYjczMC1lY2FhLTExZTYtOGY4OC0zNDM2M2JjN2M0YzAiOnsiY3JlYXRlIjo1NDAwMDAwMDAwMDAwLCJkZWxldGUiOjU0MDAwMDAwMDAwMDAsInJlYWQiOjMwMDAwMDAwMDAwMCwidXBkYXRlIjo1NDAwMDAwMDAwMDAwfX0="
        }
      ]
    }
  ]
}
